// !$*UTF8*$!
{
	archiveVersion = 1;
	classes = {
	};
	objectVersion = 50;
	objects = {

/* Begin PBXBuildFile section */
		2450AE6A263220AB00476919 /* AppDelegate.swift in Sources */ = {isa = PBXBuildFile; fileRef = 2450AE69263220AB00476919 /* AppDelegate.swift */; };
		2450AE6C263220AB00476919 /* ViewController.swift in Sources */ = {isa = PBXBuildFile; fileRef = 2450AE6B263220AB00476919 /* ViewController.swift */; };
		2450AE6E263220AC00476919 /* Assets.xcassets in Resources */ = {isa = PBXBuildFile; fileRef = 2450AE6D263220AC00476919 /* Assets.xcassets */; };
		2450AE71263220AC00476919 /* Main.storyboard in Resources */ = {isa = PBXBuildFile; fileRef = 2450AE6F263220AC00476919 /* Main.storyboard */; };
		2450AE7C263221BC00476919 /* VPNManager.swift in Sources */ = {isa = PBXBuildFile; fileRef = 2450AE7B263221BC00476919 /* VPNManager.swift */; };
		2450AE802632226B00476919 /* NetworkExtension.framework in Frameworks */ = {isa = PBXBuildFile; fileRef = 2450AE7F2632226B00476919 /* NetworkExtension.framework */; };
		2450AE862632229900476919 /* NetworkExtension.framework in Frameworks */ = {isa = PBXBuildFile; fileRef = 2450AE7F2632226B00476919 /* NetworkExtension.framework */; };
		2450AE892632229900476919 /* PacketTunnelProvider.swift in Sources */ = {isa = PBXBuildFile; fileRef = 2450AE882632229900476919 /* PacketTunnelProvider.swift */; };
		2450AE8E2632229900476919 /* PacketTunnel.appex in Embed App Extensions */ = {isa = PBXBuildFile; fileRef = 2450AE852632229900476919 /* PacketTunnel.appex */; settings = {ATTRIBUTES = (RemoveHeadersOnCopy, ); }; };
		2450AE982632235000476919 /* libleaf.a in Frameworks */ = {isa = PBXBuildFile; fileRef = 2450AE972632235000476919 /* libleaf.a */; };
		2450AE9F263223EF00476919 /* site.dat in Resources */ = {isa = PBXBuildFile; fileRef = 2450AE9D263223EF00476919 /* site.dat */; settings = {ASSET_TAGS = (New, ); }; };
		2450AEA0263223EF00476919 /* geo.mmdb in Resources */ = {isa = PBXBuildFile; fileRef = 2450AE9E263223EF00476919 /* geo.mmdb */; settings = {ASSET_TAGS = (New, ); }; };
/* End PBXBuildFile section */

/* Begin PBXContainerItemProxy section */
		2450AE8C2632229900476919 /* PBXContainerItemProxy */ = {
			isa = PBXContainerItemProxy;
			containerPortal = 2450AE5E263220AB00476919 /* Project object */;
			proxyType = 1;
			remoteGlobalIDString = 2450AE842632229900476919;
			remoteInfo = PacketTunnel;
		};
/* End PBXContainerItemProxy section */

/* Begin PBXCopyFilesBuildPhase section */
		2450AE922632229900476919 /* Embed App Extensions */ = {
			isa = PBXCopyFilesBuildPhase;
			buildActionMask = 2147483647;
			dstPath = "";
			dstSubfolderSpec = 13;
			files = (
				2450AE8E2632229900476919 /* PacketTunnel.appex in Embed App Extensions */,
			);
			name = "Embed App Extensions";
			runOnlyForDeploymentPostprocessing = 0;
		};
/* End PBXCopyFilesBuildPhase section */

/* Begin PBXFileReference section */
		2450AE66263220AB00476919 /* xleaf.app */ = {isa = PBXFileReference; explicitFileType = wrapper.application; includeInIndex = 0; path = xleaf.app; sourceTree = BUILT_PRODUCTS_DIR; };
		2450AE69263220AB00476919 /* AppDelegate.swift */ = {isa = PBXFileReference; lastKnownFileType = sourcecode.swift; path = AppDelegate.swift; sourceTree = "<group>"; };
		2450AE6B263220AB00476919 /* ViewController.swift */ = {isa = PBXFileReference; lastKnownFileType = sourcecode.swift; path = ViewController.swift; sourceTree = "<group>"; };
		2450AE6D263220AC00476919 /* Assets.xcassets */ = {isa = PBXFileReference; lastKnownFileType = folder.assetcatalog; path = Assets.xcassets; sourceTree = "<group>"; };
		2450AE70263220AC00476919 /* Base */ = {isa = PBXFileReference; lastKnownFileType = file.storyboard; name = Base; path = Base.lproj/Main.storyboard; sourceTree = "<group>"; };
		2450AE72263220AC00476919 /* Info.plist */ = {isa = PBXFileReference; lastKnownFileType = text.plist.xml; path = Info.plist; sourceTree = "<group>"; };
		2450AE73263220AC00476919 /* xleaf.entitlements */ = {isa = PBXFileReference; lastKnownFileType = text.plist.entitlements; path = xleaf.entitlements; sourceTree = "<group>"; };
		2450AE7B263221BC00476919 /* VPNManager.swift */ = {isa = PBXFileReference; lastKnownFileType = sourcecode.swift; path = VPNManager.swift; sourceTree = "<group>"; };
		2450AE7F2632226B00476919 /* NetworkExtension.framework */ = {isa = PBXFileReference; lastKnownFileType = wrapper.framework; name = NetworkExtension.framework; path = System/Library/Frameworks/NetworkExtension.framework; sourceTree = SDKROOT; };
		2450AE852632229900476919 /* PacketTunnel.appex */ = {isa = PBXFileReference; explicitFileType = "wrapper.app-extension"; includeInIndex = 0; path = PacketTunnel.appex; sourceTree = BUILT_PRODUCTS_DIR; };
		2450AE882632229900476919 /* PacketTunnelProvider.swift */ = {isa = PBXFileReference; lastKnownFileType = sourcecode.swift; path = PacketTunnelProvider.swift; sourceTree = "<group>"; };
		2450AE8A2632229900476919 /* Info.plist */ = {isa = PBXFileReference; lastKnownFileType = text.plist.xml; path = Info.plist; sourceTree = "<group>"; };
		2450AE8B2632229900476919 /* PacketTunnel.entitlements */ = {isa = PBXFileReference; lastKnownFileType = text.plist.entitlements; path = PacketTunnel.entitlements; sourceTree = "<group>"; };
		2450AE962632235000476919 /* leaf.h */ = {isa = PBXFileReference; fileEncoding = 4; lastKnownFileType = sourcecode.c.h; path = leaf.h; sourceTree = "<group>"; };
		2450AE972632235000476919 /* libleaf.a */ = {isa = PBXFileReference; lastKnownFileType = archive.ar; path = libleaf.a; sourceTree = "<group>"; };
		2450AE9D263223EF00476919 /* site.dat */ = {isa = PBXFileReference; lastKnownFileType = file; path = site.dat; sourceTree = "<group>"; };
		2450AE9E263223EF00476919 /* geo.mmdb */ = {isa = PBXFileReference; lastKnownFileType = file; path = geo.mmdb; sourceTree = "<group>"; };
		2450AEA52632252300476919 /* Leaf-Bridging-Header.h */ = {isa = PBXFileReference; lastKnownFileType = sourcecode.c.h; path = "Leaf-Bridging-Header.h"; sourceTree = "<group>"; };
/* End PBXFileReference section */

/* Begin PBXFrameworksBuildPhase section */
		2450AE63263220AB00476919 /* Frameworks */ = {
			isa = PBXFrameworksBuildPhase;
			buildActionMask = 2147483647;
			files = (
				2450AE802632226B00476919 /* NetworkExtension.framework in Frameworks */,
			);
			runOnlyForDeploymentPostprocessing = 0;
		};
		2450AE822632229900476919 /* Frameworks */ = {
			isa = PBXFrameworksBuildPhase;
			buildActionMask = 2147483647;
			files = (
				2450AE862632229900476919 /* NetworkExtension.framework in Frameworks */,
				2450AE982632235000476919 /* libleaf.a in Frameworks */,
			);
			runOnlyForDeploymentPostprocessing = 0;
		};
/* End PBXFrameworksBuildPhase section */

/* Begin PBXGroup section */
		2450AE5D263220AB00476919 = {
			isa = PBXGroup;
			children = (
				2450AE68263220AB00476919 /* xleaf */,
				2450AE872632229900476919 /* PacketTunnel */,
				2450AE67263220AB00476919 /* Products */,
				2450AE7E2632226B00476919 /* Frameworks */,
			);
			sourceTree = "<group>";
		};
		2450AE67263220AB00476919 /* Products */ = {
			isa = PBXGroup;
			children = (
				2450AE66263220AB00476919 /* xleaf.app */,
				2450AE852632229900476919 /* PacketTunnel.appex */,
			);
			name = Products;
			sourceTree = "<group>";
		};
		2450AE68263220AB00476919 /* xleaf */ = {
			isa = PBXGroup;
			children = (
				2450AE69263220AB00476919 /* AppDelegate.swift */,
				2450AE6B263220AB00476919 /* ViewController.swift */,
				2450AE6D263220AC00476919 /* Assets.xcassets */,
				2450AE6F263220AC00476919 /* Main.storyboard */,
				2450AE72263220AC00476919 /* Info.plist */,
				2450AE73263220AC00476919 /* xleaf.entitlements */,
				2450AE7B263221BC00476919 /* VPNManager.swift */,
			);
			path = xleaf;
			sourceTree = "<group>";
		};
		2450AE7E2632226B00476919 /* Frameworks */ = {
			isa = PBXGroup;
			children = (
				2450AE7F2632226B00476919 /* NetworkExtension.framework */,
			);
			name = Frameworks;
			sourceTree = "<group>";
		};
		2450AE872632229900476919 /* PacketTunnel */ = {
			isa = PBXGroup;
			children = (
				2450AE9E263223EF00476919 /* geo.mmdb */,
				2450AE9D263223EF00476919 /* site.dat */,
				2450AE952632235000476919 /* libleaf */,
				2450AE882632229900476919 /* PacketTunnelProvider.swift */,
				2450AE8A2632229900476919 /* Info.plist */,
				2450AE8B2632229900476919 /* PacketTunnel.entitlements */,
				2450AEA52632252300476919 /* Leaf-Bridging-Header.h */,
			);
			path = PacketTunnel;
			sourceTree = "<group>";
		};
		2450AE952632235000476919 /* libleaf */ = {
			isa = PBXGroup;
			children = (
				2450AE962632235000476919 /* leaf.h */,
				2450AE972632235000476919 /* libleaf.a */,
			);
			path = libleaf;
			sourceTree = "<group>";
		};
/* End PBXGroup section */

/* Begin PBXNativeTarget section */
		2450AE65263220AB00476919 /* xleaf */ = {
			isa = PBXNativeTarget;
			buildConfigurationList = 2450AE76263220AD00476919 /* Build configuration list for PBXNativeTarget "xleaf" */;
			buildPhases = (
				2450AE62263220AB00476919 /* Sources */,
				2450AE63263220AB00476919 /* Frameworks */,
				2450AE64263220AB00476919 /* Resources */,
				2450AE922632229900476919 /* Embed App Extensions */,
			);
			buildRules = (
			);
			dependencies = (
				2450AE8D2632229900476919 /* PBXTargetDependency */,
			);
			name = xleaf;
			productName = xleaf;
			productReference = 2450AE66263220AB00476919 /* xleaf.app */;
			productType = "com.apple.product-type.application";
		};
		2450AE842632229900476919 /* PacketTunnel */ = {
			isa = PBXNativeTarget;
			buildConfigurationList = 2450AE8F2632229900476919 /* Build configuration list for PBXNativeTarget "PacketTunnel" */;
			buildPhases = (
				2450AE812632229900476919 /* Sources */,
				2450AE822632229900476919 /* Frameworks */,
				2450AE832632229900476919 /* Resources */,
			);
			buildRules = (
			);
			dependencies = (
			);
			name = PacketTunnel;
			productName = PacketTunnel;
			productReference = 2450AE852632229900476919 /* PacketTunnel.appex */;
			productType = "com.apple.product-type.app-extension";
		};
/* End PBXNativeTarget section */

/* Begin PBXProject section */
		2450AE5E263220AB00476919 /* Project object */ = {
			isa = PBXProject;
			attributes = {
				KnownAssetTags = (
					New,
				);
				LastSwiftUpdateCheck = 1240;
				LastUpgradeCheck = 1240;
				TargetAttributes = {
					2450AE65263220AB00476919 = {
						CreatedOnToolsVersion = 12.4;
					};
					2450AE842632229900476919 = {
						CreatedOnToolsVersion = 12.4;
					};
				};
			};
			buildConfigurationList = 2450AE61263220AB00476919 /* Build configuration list for PBXProject "xleaf" */;
			compatibilityVersion = "Xcode 9.3";
			developmentRegion = en;
			hasScannedForEncodings = 0;
			knownRegions = (
				en,
				Base,
			);
			mainGroup = 2450AE5D263220AB00476919;
			productRefGroup = 2450AE67263220AB00476919 /* Products */;
			projectDirPath = "";
			projectRoot = "";
			targets = (
				2450AE65263220AB00476919 /* xleaf */,
				2450AE842632229900476919 /* PacketTunnel */,
			);
		};
/* End PBXProject section */

/* Begin PBXResourcesBuildPhase section */
		2450AE64263220AB00476919 /* Resources */ = {
			isa = PBXResourcesBuildPhase;
			buildActionMask = 2147483647;
			files = (
				2450AE6E263220AC00476919 /* Assets.xcassets in Resources */,
				2450AE71263220AC00476919 /* Main.storyboard in Resources */,
			);
			runOnlyForDeploymentPostprocessing = 0;
		};
		2450AE832632229900476919 /* Resources */ = {
			isa = PBXResourcesBuildPhase;
			buildActionMask = 2147483647;
			files = (
				2450AE9F263223EF00476919 /* site.dat in Resources */,
				2450AEA0263223EF00476919 /* geo.mmdb in Resources */,
			);
			runOnlyForDeploymentPostprocessing = 0;
		};
/* End PBXResourcesBuildPhase section */

/* Begin PBXSourcesBuildPhase section */
		2450AE62263220AB00476919 /* Sources */ = {
			isa = PBXSourcesBuildPhase;
			buildActionMask = 2147483647;
			files = (
				2450AE6C263220AB00476919 /* ViewController.swift in Sources */,
				2450AE7C263221BC00476919 /* VPNManager.swift in Sources */,
				2450AE6A263220AB00476919 /* AppDelegate.swift in Sources */,
			);
			runOnlyForDeploymentPostprocessing = 0;
		};
		2450AE812632229900476919 /* Sources */ = {
			isa = PBXSourcesBuildPhase;
			buildActionMask = 2147483647;
			files = (
				2450AE892632229900476919 /* PacketTunnelProvider.swift in Sources */,
			);
			runOnlyForDeploymentPostprocessing = 0;
		};
/* End PBXSourcesBuildPhase section */

/* Begin PBXTargetDependency section */
		2450AE8D2632229900476919 /* PBXTargetDependency */ = {
			isa = PBXTargetDependency;
			target = 2450AE842632229900476919 /* PacketTunnel */;
			targetProxy = 2450AE8C2632229900476919 /* PBXContainerItemProxy */;
		};
/* End PBXTargetDependency section */

/* Begin PBXVariantGroup section */
		2450AE6F263220AC00476919 /* Main.storyboard */ = {
			isa = PBXVariantGroup;
			children = (
				2450AE70263220AC00476919 /* Base */,
			);
			name = Main.storyboard;
			sourceTree = "<group>";
		};
/* End PBXVariantGroup section */

/* Begin XCBuildConfiguration section */
		2450AE74263220AC00476919 /* Debug */ = {
			isa = XCBuildConfiguration;
			buildSettings = {
				ALWAYS_SEARCH_USER_PATHS = NO;
				CLANG_ANALYZER_NONNULL = YES;
				CLANG_ANALYZER_NUMBER_OBJECT_CONVERSION = YES_AGGRESSIVE;
				CLANG_CXX_LANGUAGE_STANDARD = "gnu++14";
				CLANG_CXX_LIBRARY = "libc++";
				CLANG_ENABLE_MODULES = YES;
				CLANG_ENABLE_OBJC_ARC = YES;
				CLANG_ENABLE_OBJC_WEAK = YES;
				CLANG_WARN_BLOCK_CAPTURE_AUTORELEASING = YES;
				CLANG_WARN_BOOL_CONVERSION = YES;
				CLANG_WARN_COMMA = YES;
				CLANG_WARN_CONSTANT_CONVERSION = YES;
				CLANG_WARN_DEPRECATED_OBJC_IMPLEMENTATIONS = YES;
				CLANG_WARN_DIRECT_OBJC_ISA_USAGE = YES_ERROR;
				CLANG_WARN_DOCUMENTATION_COMMENTS = YES;
				CLANG_WARN_EMPTY_BODY = YES;
				CLANG_WARN_ENUM_CONVERSION = YES;
				CLANG_WARN_INFINITE_RECURSION = YES;
				CLANG_WARN_INT_CONVERSION = YES;
				CLANG_WARN_NON_LITERAL_NULL_CONVERSION = YES;
				CLANG_WARN_OBJC_IMPLICIT_RETAIN_SELF = YES;
				CLANG_WARN_OBJC_LITERAL_CONVERSION = YES;
				CLANG_WARN_OBJC_ROOT_CLASS = YES_ERROR;
				CLANG_WARN_QUOTED_INCLUDE_IN_FRAMEWORK_HEADER = YES;
				CLANG_WARN_RANGE_LOOP_ANALYSIS = YES;
				CLANG_WARN_STRICT_PROTOTYPES = YES;
				CLANG_WARN_SUSPICIOUS_MOVE = YES;
				CLANG_WARN_UNGUARDED_AVAILABILITY = YES_AGGRESSIVE;
				CLANG_WARN_UNREACHABLE_CODE = YES;
				CLANG_WARN__DUPLICATE_METHOD_MATCH = YES;
				COPY_PHASE_STRIP = NO;
				DEBUG_INFORMATION_FORMAT = dwarf;
				ENABLE_STRICT_OBJC_MSGSEND = YES;
				ENABLE_TESTABILITY = YES;
				GCC_C_LANGUAGE_STANDARD = gnu11;
				GCC_DYNAMIC_NO_PIC = NO;
				GCC_NO_COMMON_BLOCKS = YES;
				GCC_OPTIMIZATION_LEVEL = 0;
				GCC_PREPROCESSOR_DEFINITIONS = (
					"DEBUG=1",
					"$(inherited)",
				);
				GCC_WARN_64_TO_32_BIT_CONVERSION = YES;
				GCC_WARN_ABOUT_RETURN_TYPE = YES_ERROR;
				GCC_WARN_UNDECLARED_SELECTOR = YES;
				GCC_WARN_UNINITIALIZED_AUTOS = YES_AGGRESSIVE;
				GCC_WARN_UNUSED_FUNCTION = YES;
				GCC_WARN_UNUSED_VARIABLE = YES;
				MACOSX_DEPLOYMENT_TARGET = 11.1;
				MTL_ENABLE_DEBUG_INFO = INCLUDE_SOURCE;
				MTL_FAST_MATH = YES;
				ONLY_ACTIVE_ARCH = YES;
				SDKROOT = macosx;
				SWIFT_ACTIVE_COMPILATION_CONDITIONS = DEBUG;
				SWIFT_OPTIMIZATION_LEVEL = "-Onone";
			};
			name = Debug;
		};
		2450AE75263220AC00476919 /* Release */ = {
			isa = XCBuildConfiguration;
			buildSettings = {
				ALWAYS_SEARCH_USER_PATHS = NO;
				CLANG_ANALYZER_NONNULL = YES;
				CLANG_ANALYZER_NUMBER_OBJECT_CONVERSION = YES_AGGRESSIVE;
				CLANG_CXX_LANGUAGE_STANDARD = "gnu++14";
				CLANG_CXX_LIBRARY = "libc++";
				CLANG_ENABLE_MODULES = YES;
				CLANG_ENABLE_OBJC_ARC = YES;
				CLANG_ENABLE_OBJC_WEAK = YES;
				CLANG_WARN_BLOCK_CAPTURE_AUTORELEASING = YES;
				CLANG_WARN_BOOL_CONVERSION = YES;
				CLANG_WARN_COMMA = YES;
				CLANG_WARN_CONSTANT_CONVERSION = YES;
				CLANG_WARN_DEPRECATED_OBJC_IMPLEMENTATIONS = YES;
				CLANG_WARN_DIRECT_OBJC_ISA_USAGE = YES_ERROR;
				CLANG_WARN_DOCUMENTATION_COMMENTS = YES;
				CLANG_WARN_EMPTY_BODY = YES;
				CLANG_WARN_ENUM_CONVERSION = YES;
				CLANG_WARN_INFINITE_RECURSION = YES;
				CLANG_WARN_INT_CONVERSION = YES;
				CLANG_WARN_NON_LITERAL_NULL_CONVERSION = YES;
				CLANG_WARN_OBJC_IMPLICIT_RETAIN_SELF = YES;
				CLANG_WARN_OBJC_LITERAL_CONVERSION = YES;
				CLANG_WARN_OBJC_ROOT_CLASS = YES_ERROR;
				CLANG_WARN_QUOTED_INCLUDE_IN_FRAMEWORK_HEADER = YES;
				CLANG_WARN_RANGE_LOOP_ANALYSIS = YES;
				CLANG_WARN_STRICT_PROTOTYPES = YES;
				CLANG_WARN_SUSPICIOUS_MOVE = YES;
				CLANG_WARN_UNGUARDED_AVAILABILITY = YES_AGGRESSIVE;
				CLANG_WARN_UNREACHABLE_CODE = YES;
				CLANG_WARN__DUPLICATE_METHOD_MATCH = YES;
				COPY_PHASE_STRIP = NO;
				DEBUG_INFORMATION_FORMAT = "dwarf-with-dsym";
				ENABLE_NS_ASSERTIONS = NO;
				ENABLE_STRICT_OBJC_MSGSEND = YES;
				GCC_C_LANGUAGE_STANDARD = gnu11;
				GCC_NO_COMMON_BLOCKS = YES;
				GCC_WARN_64_TO_32_BIT_CONVERSION = YES;
				GCC_WARN_ABOUT_RETURN_TYPE = YES_ERROR;
				GCC_WARN_UNDECLARED_SELECTOR = YES;
				GCC_WARN_UNINITIALIZED_AUTOS = YES_AGGRESSIVE;
				GCC_WARN_UNUSED_FUNCTION = YES;
				GCC_WARN_UNUSED_VARIABLE = YES;
				MACOSX_DEPLOYMENT_TARGET = 11.1;
				MTL_ENABLE_DEBUG_INFO = NO;
				MTL_FAST_MATH = YES;
				SDKROOT = macosx;
				SWIFT_COMPILATION_MODE = wholemodule;
				SWIFT_OPTIMIZATION_LEVEL = "-O";
			};
			name = Release;
		};
		2450AE77263220AD00476919 /* Debug */ = {
			isa = XCBuildConfiguration;
			buildSettings = {
				ALWAYS_EMBED_SWIFT_STANDARD_LIBRARIES = YES;
				ASSETCATALOG_COMPILER_APPICON_NAME = AppIcon;
				ASSETCATALOG_COMPILER_GLOBAL_ACCENT_COLOR_NAME = AccentColor;
				CODE_SIGN_ENTITLEMENTS = xleaf/xleaf.entitlements;
				CODE_SIGN_IDENTITY = "Apple Development";
				CODE_SIGN_STYLE = Automatic;
				COMBINE_HIDPI_IMAGES = YES;
				DEVELOPMENT_TEAM = "";
				ENABLE_HARDENED_RUNTIME = YES;
				INFOPLIST_FILE = xleaf/Info.plist;
				LD_RUNPATH_SEARCH_PATHS = (
					"$(inherited)",
					"@executable_path/../Frameworks",
				);
				PRODUCT_BUNDLE_IDENTIFIER = com.xleaf.example;
				PRODUCT_NAME = "$(TARGET_NAME)";
				PROVISIONING_PROFILE_SPECIFIER = "";
				SWIFT_VERSION = 5.0;
			};
			name = Debug;
		};
		2450AE78263220AD00476919 /* Release */ = {
			isa = XCBuildConfiguration;
			buildSettings = {
				ALWAYS_EMBED_SWIFT_STANDARD_LIBRARIES = YES;
				ASSETCATALOG_COMPILER_APPICON_NAME = AppIcon;
				ASSETCATALOG_COMPILER_GLOBAL_ACCENT_COLOR_NAME = AccentColor;
				CODE_SIGN_ENTITLEMENTS = xleaf/xleaf.entitlements;
				CODE_SIGN_IDENTITY = "Apple Development";
				CODE_SIGN_STYLE = Automatic;
				COMBINE_HIDPI_IMAGES = YES;
				DEVELOPMENT_TEAM = "";
				ENABLE_HARDENED_RUNTIME = YES;
				INFOPLIST_FILE = xleaf/Info.plist;
				LD_RUNPATH_SEARCH_PATHS = (
					"$(inherited)",
					"@executable_path/../Frameworks",
				);
				PRODUCT_BUNDLE_IDENTIFIER = com.xleaf.example;
				PRODUCT_NAME = "$(TARGET_NAME)";
				PROVISIONING_PROFILE_SPECIFIER = "";
				SWIFT_VERSION = 5.0;
			};
			name = Release;
		};
		2450AE902632229900476919 /* Debug */ = {
			isa = XCBuildConfiguration;
			buildSettings = {
				CODE_SIGN_ENTITLEMENTS = PacketTunnel/PacketTunnel.entitlements;
				CODE_SIGN_IDENTITY = "Apple Development";
				CODE_SIGN_STYLE = Automatic;
				DEVELOPMENT_TEAM = "";
				ENABLE_HARDENED_RUNTIME = YES;
				HEADER_SEARCH_PATHS = "$(PROJECT_DIR)/PacketTunnel/libleaf";
				INFOPLIST_FILE = PacketTunnel/Info.plist;
				LD_RUNPATH_SEARCH_PATHS = (
					"$(inherited)",
					"@executable_path/../Frameworks",
					"@executable_path/../../../../Frameworks",
				);
				LIBRARY_SEARCH_PATHS = (
					"$(inherited)",
					"$(PROJECT_DIR)/PacketTunnel/libleaf",
				);
				MACOSX_DEPLOYMENT_TARGET = 10.15;
				PRODUCT_BUNDLE_IDENTIFIER = com.xleaf.example.PacketTunnel;
				PRODUCT_NAME = "$(TARGET_NAME)";
				PROVISIONING_PROFILE_SPECIFIER = "";
				SKIP_INSTALL = YES;
				SWIFT_OBJC_BRIDGING_HEADER = "$(PROJECT_DIR)/PacketTunnel/Leaf-Bridging-Header.h";
				SWIFT_VERSION = 5.0;
			};
			name = Debug;
		};
		2450AE912632229900476919 /* Release */ = {
			isa = XCBuildConfiguration;
			buildSettings = {
				CODE_SIGN_ENTITLEMENTS = PacketTunnel/PacketTunnel.entitlements;
				CODE_SIGN_IDENTITY = "Apple Development";
				CODE_SIGN_STYLE = Automatic;
				DEVELOPMENT_TEAM = "";
				ENABLE_HARDENED_RUNTIME = YES;
				HEADER_SEARCH_PATHS = "$(PROJECT_DIR)/PacketTunnel/libleaf";
				INFOPLIST_FILE = PacketTunnel/Info.plist;
				LD_RUNPATH_SEARCH_PATHS = (
					"$(inherited)",
					"@executable_path/../Frameworks",
					"@executable_path/../../../../Frameworks",
				);
				LIBRARY_SEARCH_PATHS = (
					"$(inherited)",
					"$(PROJECT_DIR)/PacketTunnel/libleaf",
				);
				MACOSX_DEPLOYMENT_TARGET = 10.15;
				PRODUCT_BUNDLE_IDENTIFIER = com.xleaf.example.PacketTunnel;
				PRODUCT_NAME = "$(TARGET_NAME)";
				PROVISIONING_PROFILE_SPECIFIER = "";
				SKIP_INSTALL = YES;
				SWIFT_OBJC_BRIDGING_HEADER = "$(PROJECT_DIR)/PacketTunnel/Leaf-Bridging-Header.h";
				SWIFT_VERSION = 5.0;
			};
			name = Release;
		};
/* End XCBuildConfiguration section */

/* Begin XCConfigurationList section */
		2450AE61263220AB00476919 /* Build configuration list for PBXProject "xleaf" */ = {
			isa = XCConfigurationList;
			buildConfigurations = (
				2450AE74263220AC00476919 /* Debug */,
				2450AE75263220AC00476919 /* Release */,
			);
			defaultConfigurationIsVisible = 0;
			defaultConfigurationName = Release;
		};
		2450AE76263220AD00476919 /* Build configuration list for PBXNativeTarget "xleaf" */ = {
			isa = XCConfigurationList;
			buildConfigurations = (
				2450AE77263220AD00476919 /* Debug */,
				2450AE78263220AD00476919 /* Release */,
			);
			defaultConfigurationIsVisible = 0;
			defaultConfigurationName = Release;
		};
		2450AE8F2632229900476919 /* Build configuration list for PBXNativeTarget "PacketTunnel" */ = {
			isa = XCConfigurationList;
			buildConfigurations = (
				2450AE902632229900476919 /* Debug */,
				2450AE912632229900476919 /* Release */,
			);
			defaultConfigurationIsVisible = 0;
			defaultConfigurationName = Release;
		};
/* End XCConfigurationList section */
	};
	rootObject = 2450AE5E263220AB00476919 /* Project object */;
}
